
Microsoft Visual Studio Solution File, Format Version 12.00
# Visual Studio Version 17
VisualStudioVersion = 17.13.35806.99 d17.13
MinimumVisualStudioVersion = 10.0.40219.1
Project("{FAE04EC0-301F-11D3-BF4B-00C04F79EFBC}") = "laba3_Csharp", "laba3_Csharp\laba3_Csharp.csproj", "{69D48135-32A0-45B9-A8A7-848D4D7DDB18}"
EndProject
Global
	GlobalSection(SolutionConfigurationPlatforms) = preSolution
		Debug|Any CPU = Debug|Any CPU
		Release|Any CPU = Release|Any CPU
	EndGlobalSection
	GlobalSection(ProjectConfigurationPlatforms) = postSolution
		{69D48135-32A0-45B9-A8A7-848D4D7DDB18}.Debug|Any CPU.ActiveCfg = Debug|Any CPU
		{69D48135-32A0-45B9-A8A7-848D4D7DDB18}.Debug|Any CPU.Build.0 = Debug|Any CPU
		{69D48135-32A0-45B9-A8A7-848D4D7DDB18}.Release|Any CPU.ActiveCfg = Release|Any CPU
		{69D48135-32A0-45B9-A8A7-848D4D7DDB18}.Release|Any CPU.Build.0 = Release|Any CPU
	EndGlobalSection
	GlobalSection(SolutionProperties) = preSolution
		HideSolutionNode = FALSE
	EndGlobalSection
	GlobalSection(ExtensibilityGlobals) = postSolution
		SolutionGuid = {5DE175E0-2E8E-480D-8CF9-DE28C8DBADB2}
	EndGlobalSection
EndGlobal
